
Microsoft Visual Studio Solution File, Format Version 12.00
# Visual Studio Version 16
VisualStudioVersion = 16.0.29519.87
MinimumVisualStudioVersion = 10.0.40219.1
Project("{FAE04EC0-301F-11D3-BF4B-00C04F79EFBC}") = "BuilderDemo", "BuilderDemo\BuilderDemo.csproj", "{5285EAE4-D536-4728-89C4-47FFC0A257D8}"
EndProject
Global
	GlobalSection(SolutionConfigurationPlatforms) = preSolution
		Debug|Any CPU = Debug|Any CPU
		Release|Any CPU = Release|Any CPU
	EndGlobalSection
	GlobalSection(ProjectConfigurationPlatforms) = postSolution
		{5285EAE4-D536-4728-89C4-47FFC0A257D8}.Debug|Any CPU.ActiveCfg = Debug|Any CPU
		{5285EAE4-D536-4728-89C4-47FFC0A257D8}.Debug|Any CPU.Build.0 = Debug|Any CPU
		{5285EAE4-D536-4728-89C4-47FFC0A257D8}.Release|Any CPU.ActiveCfg = Release|Any CPU
		{5285EAE4-D536-4728-89C4-47FFC0A257D8}.Release|Any CPU.Build.0 = Release|Any CPU
	EndGlobalSection
	GlobalSection(SolutionProperties) = preSolution
		HideSolutionNode = FALSE
	EndGlobalSection
	GlobalSection(ExtensibilityGlobals) = postSolution
		SolutionGuid = {8AA42EFD-5ABB-4776-96AC-A5273697E0EF}
	EndGlobalSection
EndGlobal
